
Microsoft Visual Studio Solution File, Format Version 12.00
# Visual Studio Version 16
VisualStudioVersion = 16.0.31829.152
MinimumVisualStudioVersion = 10.0.40219.1
Project("{FAE04EC0-301F-11D3-BF4B-00C04F79EFBC}") = "pr_3", "pr_3\pr_3.csproj", "{07D0A658-C00E-4B81-8DBF-1FFCD55FF8B8}"
EndProject
Global
	GlobalSection(SolutionConfigurationPlatforms) = preSolution
		Debug|Any CPU = Debug|Any CPU
		Release|Any CPU = Release|Any CPU
	EndGlobalSection
	GlobalSection(ProjectConfigurationPlatforms) = postSolution
		{07D0A658-C00E-4B81-8DBF-1FFCD55FF8B8}.Debug|Any CPU.ActiveCfg = Debug|Any CPU
		{07D0A658-C00E-4B81-8DBF-1FFCD55FF8B8}.Debug|Any CPU.Build.0 = Debug|Any CPU
		{07D0A658-C00E-4B81-8DBF-1FFCD55FF8B8}.Release|Any CPU.ActiveCfg = Release|Any CPU
		{07D0A658-C00E-4B81-8DBF-1FFCD55FF8B8}.Release|Any CPU.Build.0 = Release|Any CPU
	EndGlobalSection
	GlobalSection(SolutionProperties) = preSolution
		HideSolutionNode = FALSE
	EndGlobalSection
	GlobalSection(ExtensibilityGlobals) = postSolution
		SolutionGuid = {A2B574F1-0155-402B-9F6D-7009A7885592}
	EndGlobalSection
EndGlobal
